// !$*UTF8*$!
{
	archiveVersion = 1;
	classes = {
	};
	objectVersion = 50;
	objects = {

/* Begin PBXBuildFile section */
		9C5D29B314379FA27E193C68 /* Pods_DailyLifeV2.framework in Frameworks */ = {isa = PBXBuildFile; fileRef = 9E16A3F239C02545B482EB3F /* Pods_DailyLifeV2.framework */; };
		BB2E88A32339CBEA0010FF16 /* AdSupport.framework in Frameworks */ = {isa = PBXBuildFile; fileRef = BB2E88A22339CBEA0010FF16 /* AdSupport.framework */; };
		BB30249623385F1B00E4D2F7 /* R.generated.swift in Sources */ = {isa = PBXBuildFile; fileRef = BB30249523385F1B00E4D2F7 /* R.generated.swift */; };
		BB7108D9233A2D0A0038A62C /* GoogleService-Info.plist in Resources */ = {isa = PBXBuildFile; fileRef = BB7108D8233A2D090038A62C /* GoogleService-Info.plist */; };
		BBCF28B4233B8077004798B0 /* AlphabeltHeaderTableViewCell.swift in Sources */ = {isa = PBXBuildFile; fileRef = BBCF28B3233B8077004798B0 /* AlphabeltHeaderTableViewCell.swift */; };
		BBF014F923473483006B94C6 /* HomeViewController.storyboard in Resources */ = {isa = PBXBuildFile; fileRef = BBF014F823473483006B94C6 /* HomeViewController.storyboard */; };
		BBF014FB234734C0006B94C6 /* SideMenuViewController.storyboard in Resources */ = {isa = PBXBuildFile; fileRef = BBF014FA234734C0006B94C6 /* SideMenuViewController.storyboard */; };
		BBF014FD23473E8E006B94C6 /* TabBarController.storyboard in Resources */ = {isa = PBXBuildFile; fileRef = BBF014FC23473E8E006B94C6 /* TabBarController.storyboard */; };
		BBF014FF23474251006B94C6 /* WorldClockViewController.storyboard in Resources */ = {isa = PBXBuildFile; fileRef = BBF014FE23474251006B94C6 /* WorldClockViewController.storyboard */; };
		BBF015012347428E006B94C6 /* ListCityViewController.storyboard in Resources */ = {isa = PBXBuildFile; fileRef = BBF015002347428E006B94C6 /* ListCityViewController.storyboard */; };
		BBF01503234742C8006B94C6 /* FavoriteViewController.storyboard in Resources */ = {isa = PBXBuildFile; fileRef = BBF01502234742C8006B94C6 /* FavoriteViewController.storyboard */; };
		BBF01505234742F5006B94C6 /* ReadingFavoriteViewController.storyboard in Resources */ = {isa = PBXBuildFile; fileRef = BBF01504234742F5006B94C6 /* ReadingFavoriteViewController.storyboard */; };
		BBF015072347431B006B94C6 /* MainViewController.storyboard in Resources */ = {isa = PBXBuildFile; fileRef = BBF015062347431B006B94C6 /* MainViewController.storyboard */; };
		BBF0150923474347006B94C6 /* PageViewController.storyboard in Resources */ = {isa = PBXBuildFile; fileRef = BBF0150823474347006B94C6 /* PageViewController.storyboard */; };
		BBF0150B23474369006B94C6 /* ReadingViewController.storyboard in Resources */ = {isa = PBXBuildFile; fileRef = BBF0150A23474369006B94C6 /* ReadingViewController.storyboard */; };
		BBF0150D23474382006B94C6 /* WebViewController.storyboard in Resources */ = {isa = PBXBuildFile; fileRef = BBF0150C23474382006B94C6 /* WebViewController.storyboard */; };
		BBF0150F234743A5006B94C6 /* ForecastViewController.storyboard in Resources */ = {isa = PBXBuildFile; fileRef = BBF0150E234743A5006B94C6 /* ForecastViewController.storyboard */; };
		BBF015112347440B006B94C6 /* SearchViewController.storyboard in Resources */ = {isa = PBXBuildFile; fileRef = BBF015102347440B006B94C6 /* SearchViewController.storyboard */; };
		BBF0151323474453006B94C6 /* GPSForecastViewController.storyboard in Resources */ = {isa = PBXBuildFile; fileRef = BBF0151223474453006B94C6 /* GPSForecastViewController.storyboard */; };
		E70401F02316370C00197209 /* DetailForecastCelll.swift in Sources */ = {isa = PBXBuildFile; fileRef = E70401EF2316370C00197209 /* DetailForecastCelll.swift */; };
		E70492AC23014FCC0023E468 /* SideMenuCell.swift in Sources */ = {isa = PBXBuildFile; fileRef = E70492AB23014FCC0023E468 /* SideMenuCell.swift */; };
		E70821832335C9ED00E75AEB /* LibraryRealm.swift in Sources */ = {isa = PBXBuildFile; fileRef = E70821822335C9ED00E75AEB /* LibraryRealm.swift */; };
		E70821852335CB7400E75AEB /* FavoriteArticleRealmModel.swift in Sources */ = {isa = PBXBuildFile; fileRef = E70821842335CB7400E75AEB /* FavoriteArticleRealmModel.swift */; };
		E70D8102230EDD1D0059D289 /* ForecastApi.swift in Sources */ = {isa = PBXBuildFile; fileRef = E70D8101230EDD1D0059D289 /* ForecastApi.swift */; };
		E70D8106230EF7B70059D289 /* HourlyDarkSkyApi.swift in Sources */ = {isa = PBXBuildFile; fileRef = E70D8105230EF7B70059D289 /* HourlyDarkSkyApi.swift */; };
		E70D8108230F16AF0059D289 /* IconApi.swift in Sources */ = {isa = PBXBuildFile; fileRef = E70D8107230F16AF0059D289 /* IconApi.swift */; };
		E70F3A6E230E8C9B0051F46C /* SearchForecastCell.swift in Sources */ = {isa = PBXBuildFile; fileRef = E70F3A6D230E8C9B0051F46C /* SearchForecastCell.swift */; };
		E70F3A70230E8F150051F46C /* DailyForecastCell.swift in Sources */ = {isa = PBXBuildFile; fileRef = E70F3A6F230E8F150051F46C /* DailyForecastCell.swift */; };
		E714E6F12318050100A0B5CE /* Title-Sumary-Daily ForecastCell.swift in Sources */ = {isa = PBXBuildFile; fileRef = E714E6F02318050100A0B5CE /* Title-Sumary-Daily ForecastCell.swift */; };
		E714E6F323180ABA00A0B5CE /* DailyForecaseSearch.swift in Sources */ = {isa = PBXBuildFile; fileRef = E714E6F223180ABA00A0B5CE /* DailyForecaseSearch.swift */; };
		E714E6F523182D0B00A0B5CE /* ReversedGeoLocation.swift in Sources */ = {isa = PBXBuildFile; fileRef = E714E6F423182D0B00A0B5CE /* ReversedGeoLocation.swift */; };
		E714E6F72318406C00A0B5CE /* dailyForecastByGPSCell.swift in Sources */ = {isa = PBXBuildFile; fileRef = E714E6F62318406C00A0B5CE /* dailyForecastByGPSCell.swift */; };
		E71B1BAD230D9B9E00DE0406 /* ForecastHourTableViewCell.swift in Sources */ = {isa = PBXBuildFile; fileRef = E71B1BAC230D9B9E00DE0406 /* ForecastHourTableViewCell.swift */; };
		E71B22232331C2A100D1FC40 /* LibraryAPI.swift in Sources */ = {isa = PBXBuildFile; fileRef = E71B22222331C2A100D1FC40 /* LibraryAPI.swift */; };
		E71B22252331DA8900D1FC40 /* LibraryCoreData.swift in Sources */ = {isa = PBXBuildFile; fileRef = E71B22242331DA8900D1FC40 /* LibraryCoreData.swift */; };
		E71F710D22C267D60050B506 /* AppDelegate.swift in Sources */ = {isa = PBXBuildFile; fileRef = E71F710C22C267D60050B506 /* AppDelegate.swift */; };
		E71F710F22C267D60050B506 /* HomeVC.swift in Sources */ = {isa = PBXBuildFile; fileRef = E71F710E22C267D60050B506 /* HomeVC.swift */; };
		E71F711422C267D80050B506 /* Assets.xcassets in Resources */ = {isa = PBXBuildFile; fileRef = E71F711322C267D80050B506 /* Assets.xcassets */; };
		E71F711722C267D80050B506 /* LaunchScreen.storyboard in Resources */ = {isa = PBXBuildFile; fileRef = E71F711522C267D80050B506 /* LaunchScreen.storyboard */; };
		E71F712322C27C2C0050B506 /* MainVC.swift in Sources */ = {isa = PBXBuildFile; fileRef = E71F712222C27C2C0050B506 /* MainVC.swift */; };
		E71F712522C27E890050B506 /* SideMenuVC.swift in Sources */ = {isa = PBXBuildFile; fileRef = E71F712422C27E890050B506 /* SideMenuVC.swift */; };
		E71F712722C284630050B506 /* PageVC.swift in Sources */ = {isa = PBXBuildFile; fileRef = E71F712622C284630050B506 /* PageVC.swift */; };
		E72E49A22310092200E4FA8F /* SummaryForecastCell.swift in Sources */ = {isa = PBXBuildFile; fileRef = E72E49A12310092200E4FA8F /* SummaryForecastCell.swift */; };
		E72E49A423100D4900E4FA8F /* WebKit.framework in Frameworks */ = {isa = PBXBuildFile; fileRef = E72E49A323100D4900E4FA8F /* WebKit.framework */; };
		E7406F062313DD90005D1C84 /* WorldClockVC.swift in Sources */ = {isa = PBXBuildFile; fileRef = E7406F052313DD90005D1C84 /* WorldClockVC.swift */; };
		E7406F082313DF5C005D1C84 /* ListCityTableVC.swift in Sources */ = {isa = PBXBuildFile; fileRef = E7406F072313DF5C005D1C84 /* ListCityTableVC.swift */; };
		E7406F0A2313E090005D1C84 /* WorldClockCell.swift in Sources */ = {isa = PBXBuildFile; fileRef = E7406F092313E090005D1C84 /* WorldClockCell.swift */; };
		E7406F0C2313E0A9005D1C84 /* listCityNameCell.swift in Sources */ = {isa = PBXBuildFile; fileRef = E7406F0B2313E0A9005D1C84 /* listCityNameCell.swift */; };
		E74B26452303D2E50057684B /* Extensions.swift in Sources */ = {isa = PBXBuildFile; fileRef = E74B26442303D2E50057684B /* Extensions.swift */; };
		E76A604B230BD93500B3E4A3 /* DarkSkyApi.swift in Sources */ = {isa = PBXBuildFile; fileRef = E76A604A230BD93500B3E4A3 /* DarkSkyApi.swift */; };
		E76A604D230BDBB000B3E4A3 /* WeatherApiService.swift in Sources */ = {isa = PBXBuildFile; fileRef = E76A604C230BDBB000B3E4A3 /* WeatherApiService.swift */; };
		E76A604F230BE62200B3E4A3 /* ForecastVC.swift in Sources */ = {isa = PBXBuildFile; fileRef = E76A604E230BE62200B3E4A3 /* ForecastVC.swift */; };
		E76DE1502327FF42005B97DA /* FavoriteArticlesViewModel.swift in Sources */ = {isa = PBXBuildFile; fileRef = E76DE14F2327FF42005B97DA /* FavoriteArticlesViewModel.swift */; };
		E774873A23128E290096C1D8 /* daily.jpg in Resources */ = {isa = PBXBuildFile; fileRef = E774873923128E290096C1D8 /* daily.jpg */; };
		E774873C2312C9830096C1D8 /* CityForecastCell.swift in Sources */ = {isa = PBXBuildFile; fileRef = E774873B2312C9830096C1D8 /* CityForecastCell.swift */; };
		E77487402312D9290096C1D8 /* DetailForecastCell.swift in Sources */ = {isa = PBXBuildFile; fileRef = E774873F2312D9290096C1D8 /* DetailForecastCell.swift */; };
		E778DF712307A4E700B1C532 /* ReadingVC.swift in Sources */ = {isa = PBXBuildFile; fileRef = E778DF702307A4E700B1C532 /* ReadingVC.swift */; };
		E778DF732307A73100B1C532 /* ContentCell.swift in Sources */ = {isa = PBXBuildFile; fileRef = E778DF722307A73100B1C532 /* ContentCell.swift */; };
		E780E5B22301938000869885 /* Main.storyboard in Resources */ = {isa = PBXBuildFile; fileRef = E780E5B12301938000869885 /* Main.storyboard */; };
		E79A148C23080A9C0004D62E /* CoreData.xcdatamodeld in Sources */ = {isa = PBXBuildFile; fileRef = E79A148A23080A9C0004D62E /* CoreData.xcdatamodeld */; };
		E79A148E23080E3E0004D62E /* CoreDataService.swift in Sources */ = {isa = PBXBuildFile; fileRef = E79A148D23080E3E0004D62E /* CoreDataService.swift */; };
		E79A149423085F390004D62E /* FavoriteVC.swift in Sources */ = {isa = PBXBuildFile; fileRef = E79A149323085F390004D62E /* FavoriteVC.swift */; };
		E79A149623086D940004D62E /* ReadingFavoriteArticle.swift in Sources */ = {isa = PBXBuildFile; fileRef = E79A149523086D940004D62E /* ReadingFavoriteArticle.swift */; };
		E79A149823086E700004D62E /* ReadingFavoriteReadingCollectionViewCell.swift in Sources */ = {isa = PBXBuildFile; fileRef = E79A149723086E700004D62E /* ReadingFavoriteReadingCollectionViewCell.swift */; };
		E79D708B22DC50F3001125F6 /* PageCell.swift in Sources */ = {isa = PBXBuildFile; fileRef = E79D708A22DC50F3001125F6 /* PageCell.swift */; };
		E7B5F7842317844300BA1387 /* SearchVC.swift in Sources */ = {isa = PBXBuildFile; fileRef = E7B5F7832317844300BA1387 /* SearchVC.swift */; };
		E7B5F7AA23179BB200BA1387 /* TabbarController.swift in Sources */ = {isa = PBXBuildFile; fileRef = E7B5F7A923179BB200BA1387 /* TabbarController.swift */; };
		E7B5F7AC2317E3F900BA1387 /* ForecastGPS.swift in Sources */ = {isa = PBXBuildFile; fileRef = E7B5F7AB2317E3F900BA1387 /* ForecastGPS.swift */; };
		E7BDA79623046AE500174257 /* WebViewController.swift in Sources */ = {isa = PBXBuildFile; fileRef = E7BDA79523046AE500174257 /* WebViewController.swift */; };
		E7C8E37222C3BC5E00235DA5 /* NewsApiService.swift in Sources */ = {isa = PBXBuildFile; fileRef = E7C8E37122C3BC5E00235DA5 /* NewsApiService.swift */; };
		E7C8E37822C3C4E300235DA5 /* NewsApi.swift in Sources */ = {isa = PBXBuildFile; fileRef = E7C8E37722C3C4E300235DA5 /* NewsApi.swift */; };
		E7E3CA722311128000DD87B6 /* DetailForecastCell.xib in Resources */ = {isa = PBXBuildFile; fileRef = E7E3CA712311128000DD87B6 /* DetailForecastCell.xib */; };
		E7F30CAD2305AF4500305C69 /* ReadingCollectionViewCell.swift in Sources */ = {isa = PBXBuildFile; fileRef = E7F30CAC2305AF4500305C69 /* ReadingCollectionViewCell.swift */; };
		E7FA5614230FA96000B580B2 /* HourlyForecastCell.swift in Sources */ = {isa = PBXBuildFile; fileRef = E7FA5613230FA96000B580B2 /* HourlyForecastCell.swift */; };
		E7FFA5EA2318C6B700ABB379 /* SmallArticleCell.swift in Sources */ = {isa = PBXBuildFile; fileRef = E7FFA5E82318C6B700ABB379 /* SmallArticleCell.swift */; };
		E7FFA5EB2318C6B700ABB379 /* SmallArticleCell.xib in Resources */ = {isa = PBXBuildFile; fileRef = E7FFA5E92318C6B700ABB379 /* SmallArticleCell.xib */; };
		E7FFAA1A234398C20054216E /* NotificationNameExtension.swift in Sources */ = {isa = PBXBuildFile; fileRef = E7FFAA19234398C20054216E /* NotificationNameExtension.swift */; };
		E7FFAA1C2343A55C0054216E /* BaseURLEnum.swift in Sources */ = {isa = PBXBuildFile; fileRef = E7FFAA1B2343A55C0054216E /* BaseURLEnum.swift */; };
/* End PBXBuildFile section */

/* Begin PBXFileReference section */
		71B047000680A13661F4848D /* Pods-DailyLifeV2.debug.xcconfig */ = {isa = PBXFileReference; includeInIndex = 1; lastKnownFileType = text.xcconfig; name = "Pods-DailyLifeV2.debug.xcconfig"; path = "Pods/Target Support Files/Pods-DailyLifeV2/Pods-DailyLifeV2.debug.xcconfig"; sourceTree = "<group>"; };
		86EDA4EDD397EBA02FC6B968 /* Pods-DailyLifeV2.release.xcconfig */ = {isa = PBXFileReference; includeInIndex = 1; lastKnownFileType = text.xcconfig; name = "Pods-DailyLifeV2.release.xcconfig"; path = "Pods/Target Support Files/Pods-DailyLifeV2/Pods-DailyLifeV2.release.xcconfig"; sourceTree = "<group>"; };
		9E16A3F239C02545B482EB3F /* Pods_DailyLifeV2.framework */ = {isa = PBXFileReference; explicitFileType = wrapper.framework; includeInIndex = 0; path = Pods_DailyLifeV2.framework; sourceTree = BUILT_PRODUCTS_DIR; };
		BB2E889F2339C0CD0010FF16 /* DailyLifeV2.entitlements */ = {isa = PBXFileReference; lastKnownFileType = text.plist.entitlements; path = DailyLifeV2.entitlements; sourceTree = "<group>"; };
		BB2E88A22339CBEA0010FF16 /* AdSupport.framework */ = {isa = PBXFileReference; lastKnownFileType = wrapper.framework; name = AdSupport.framework; path = System/Library/Frameworks/AdSupport.framework; sourceTree = SDKROOT; };
		BB2E88A62339D1A10010FF16 /* DailyLifeV2-Bridging-Header.h */ = {isa = PBXFileReference; lastKnownFileType = sourcecode.c.h; path = "DailyLifeV2-Bridging-Header.h"; sourceTree = "<group>"; };
		BB30249523385F1B00E4D2F7 /* R.generated.swift */ = {isa = PBXFileReference; fileEncoding = 4; lastKnownFileType = sourcecode.swift; path = R.generated.swift; sourceTree = SOURCE_ROOT; };
		BB7108D8233A2D090038A62C /* GoogleService-Info.plist */ = {isa = PBXFileReference; fileEncoding = 4; lastKnownFileType = text.plist.xml; path = "GoogleService-Info.plist"; sourceTree = "<group>"; };
		BBCF28B3233B8077004798B0 /* AlphabeltHeaderTableViewCell.swift */ = {isa = PBXFileReference; lastKnownFileType = sourcecode.swift; path = AlphabeltHeaderTableViewCell.swift; sourceTree = "<group>"; };
		BBF014F823473483006B94C6 /* HomeViewController.storyboard */ = {isa = PBXFileReference; fileEncoding = 4; lastKnownFileType = file.storyboard; path = HomeViewController.storyboard; sourceTree = "<group>"; };
		BBF014FA234734C0006B94C6 /* SideMenuViewController.storyboard */ = {isa = PBXFileReference; fileEncoding = 4; lastKnownFileType = file.storyboard; path = SideMenuViewController.storyboard; sourceTree = "<group>"; };
		BBF014FC23473E8E006B94C6 /* TabBarController.storyboard */ = {isa = PBXFileReference; fileEncoding = 4; lastKnownFileType = file.storyboard; path = TabBarController.storyboard; sourceTree = "<group>"; };
		BBF014FE23474251006B94C6 /* WorldClockViewController.storyboard */ = {isa = PBXFileReference; fileEncoding = 4; lastKnownFileType = file.storyboard; path = WorldClockViewController.storyboard; sourceTree = "<group>"; };
		BBF015002347428E006B94C6 /* ListCityViewController.storyboard */ = {isa = PBXFileReference; fileEncoding = 4; lastKnownFileType = file.storyboard; path = ListCityViewController.storyboard; sourceTree = "<group>"; };
		BBF01502234742C8006B94C6 /* FavoriteViewController.storyboard */ = {isa = PBXFileReference; fileEncoding = 4; lastKnownFileType = file.storyboard; path = FavoriteViewController.storyboard; sourceTree = "<group>"; };
		BBF01504234742F5006B94C6 /* ReadingFavoriteViewController.storyboard */ = {isa = PBXFileReference; fileEncoding = 4; lastKnownFileType = file.storyboard; path = ReadingFavoriteViewController.storyboard; sourceTree = "<group>"; };
		BBF015062347431B006B94C6 /* MainViewController.storyboard */ = {isa = PBXFileReference; fileEncoding = 4; lastKnownFileType = file.storyboard; path = MainViewController.storyboard; sourceTree = "<group>"; };
		BBF0150823474347006B94C6 /* PageViewController.storyboard */ = {isa = PBXFileReference; fileEncoding = 4; lastKnownFileType = file.storyboard; path = PageViewController.storyboard; sourceTree = "<group>"; };
		BBF0150A23474369006B94C6 /* ReadingViewController.storyboard */ = {isa = PBXFileReference; fileEncoding = 4; lastKnownFileType = file.storyboard; path = ReadingViewController.storyboard; sourceTree = "<group>"; };
		BBF0150C23474382006B94C6 /* WebViewController.storyboard */ = {isa = PBXFileReference; fileEncoding = 4; lastKnownFileType = file.storyboard; path = WebViewController.storyboard; sourceTree = "<group>"; };
		BBF0150E234743A5006B94C6 /* ForecastViewController.storyboard */ = {isa = PBXFileReference; fileEncoding = 4; lastKnownFileType = file.storyboard; path = ForecastViewController.storyboard; sourceTree = "<group>"; };
		BBF015102347440B006B94C6 /* SearchViewController.storyboard */ = {isa = PBXFileReference; fileEncoding = 4; lastKnownFileType = file.storyboard; path = SearchViewController.storyboard; sourceTree = "<group>"; };
		BBF0151223474453006B94C6 /* GPSForecastViewController.storyboard */ = {isa = PBXFileReference; fileEncoding = 4; lastKnownFileType = file.storyboard; path = GPSForecastViewController.storyboard; sourceTree = "<group>"; };
		E70401EF2316370C00197209 /* DetailForecastCelll.swift */ = {isa = PBXFileReference; lastKnownFileType = sourcecode.swift; path = DetailForecastCelll.swift; sourceTree = "<group>"; };
		E70492AB23014FCC0023E468 /* SideMenuCell.swift */ = {isa = PBXFileReference; lastKnownFileType = sourcecode.swift; path = SideMenuCell.swift; sourceTree = "<group>"; };
		E70821822335C9ED00E75AEB /* LibraryRealm.swift */ = {isa = PBXFileReference; lastKnownFileType = sourcecode.swift; path = LibraryRealm.swift; sourceTree = "<group>"; };
		E70821842335CB7400E75AEB /* FavoriteArticleRealmModel.swift */ = {isa = PBXFileReference; lastKnownFileType = sourcecode.swift; path = FavoriteArticleRealmModel.swift; sourceTree = "<group>"; };
		E70D8101230EDD1D0059D289 /* ForecastApi.swift */ = {isa = PBXFileReference; lastKnownFileType = sourcecode.swift; path = ForecastApi.swift; sourceTree = "<group>"; };
		E70D8105230EF7B70059D289 /* HourlyDarkSkyApi.swift */ = {isa = PBXFileReference; lastKnownFileType = sourcecode.swift; path = HourlyDarkSkyApi.swift; sourceTree = "<group>"; };
		E70D8107230F16AF0059D289 /* IconApi.swift */ = {isa = PBXFileReference; lastKnownFileType = sourcecode.swift; path = IconApi.swift; sourceTree = "<group>"; };
		E70F3A6D230E8C9B0051F46C /* SearchForecastCell.swift */ = {isa = PBXFileReference; lastKnownFileType = sourcecode.swift; path = SearchForecastCell.swift; sourceTree = "<group>"; };
		E70F3A6F230E8F150051F46C /* DailyForecastCell.swift */ = {isa = PBXFileReference; lastKnownFileType = sourcecode.swift; path = DailyForecastCell.swift; sourceTree = "<group>"; };
		E714E6F02318050100A0B5CE /* Title-Sumary-Daily ForecastCell.swift */ = {isa = PBXFileReference; lastKnownFileType = sourcecode.swift; path = "Title-Sumary-Daily ForecastCell.swift"; sourceTree = "<group>"; };
		E714E6F223180ABA00A0B5CE /* DailyForecaseSearch.swift */ = {isa = PBXFileReference; lastKnownFileType = sourcecode.swift; path = DailyForecaseSearch.swift; sourceTree = "<group>"; };
		E714E6F423182D0B00A0B5CE /* ReversedGeoLocation.swift */ = {isa = PBXFileReference; lastKnownFileType = sourcecode.swift; path = ReversedGeoLocation.swift; sourceTree = "<group>"; };
		E714E6F62318406C00A0B5CE /* dailyForecastByGPSCell.swift */ = {isa = PBXFileReference; lastKnownFileType = sourcecode.swift; path = dailyForecastByGPSCell.swift; sourceTree = "<group>"; };
		E71B1BAC230D9B9E00DE0406 /* ForecastHourTableViewCell.swift */ = {isa = PBXFileReference; lastKnownFileType = sourcecode.swift; path = ForecastHourTableViewCell.swift; sourceTree = "<group>"; };
		E71B22222331C2A100D1FC40 /* LibraryAPI.swift */ = {isa = PBXFileReference; lastKnownFileType = sourcecode.swift; path = LibraryAPI.swift; sourceTree = "<group>"; };
		E71B22242331DA8900D1FC40 /* LibraryCoreData.swift */ = {isa = PBXFileReference; lastKnownFileType = sourcecode.swift; path = LibraryCoreData.swift; sourceTree = "<group>"; };
		E71F710922C267D60050B506 /* DailyLifeV2.app */ = {isa = PBXFileReference; explicitFileType = wrapper.application; includeInIndex = 0; path = DailyLifeV2.app; sourceTree = BUILT_PRODUCTS_DIR; };
		E71F710C22C267D60050B506 /* AppDelegate.swift */ = {isa = PBXFileReference; lastKnownFileType = sourcecode.swift; path = AppDelegate.swift; sourceTree = "<group>"; };
		E71F710E22C267D60050B506 /* HomeVC.swift */ = {isa = PBXFileReference; lastKnownFileType = sourcecode.swift; path = HomeVC.swift; sourceTree = "<group>"; };
		E71F711322C267D80050B506 /* Assets.xcassets */ = {isa = PBXFileReference; lastKnownFileType = folder.assetcatalog; path = Assets.xcassets; sourceTree = "<group>"; };
		E71F711622C267D80050B506 /* Base */ = {isa = PBXFileReference; lastKnownFileType = file.storyboard; name = Base; path = Base.lproj/LaunchScreen.storyboard; sourceTree = "<group>"; };
		E71F711822C267D80050B506 /* Info.plist */ = {isa = PBXFileReference; lastKnownFileType = text.plist.xml; path = Info.plist; sourceTree = "<group>"; };
		E71F712222C27C2C0050B506 /* MainVC.swift */ = {isa = PBXFileReference; lastKnownFileType = sourcecode.swift; path = MainVC.swift; sourceTree = "<group>"; };
		E71F712422C27E890050B506 /* SideMenuVC.swift */ = {isa = PBXFileReference; lastKnownFileType = sourcecode.swift; path = SideMenuVC.swift; sourceTree = "<group>"; };
		E71F712622C284630050B506 /* PageVC.swift */ = {isa = PBXFileReference; lastKnownFileType = sourcecode.swift; path = PageVC.swift; sourceTree = "<group>"; };
		E72E49A12310092200E4FA8F /* SummaryForecastCell.swift */ = {isa = PBXFileReference; lastKnownFileType = sourcecode.swift; path = SummaryForecastCell.swift; sourceTree = "<group>"; };
		E72E49A323100D4900E4FA8F /* WebKit.framework */ = {isa = PBXFileReference; lastKnownFileType = wrapper.framework; name = WebKit.framework; path = System/Library/Frameworks/WebKit.framework; sourceTree = SDKROOT; };
		E7406F052313DD90005D1C84 /* WorldClockVC.swift */ = {isa = PBXFileReference; lastKnownFileType = sourcecode.swift; path = WorldClockVC.swift; sourceTree = "<group>"; };
		E7406F072313DF5C005D1C84 /* ListCityTableVC.swift */ = {isa = PBXFileReference; lastKnownFileType = sourcecode.swift; path = ListCityTableVC.swift; sourceTree = "<group>"; };
		E7406F092313E090005D1C84 /* WorldClockCell.swift */ = {isa = PBXFileReference; lastKnownFileType = sourcecode.swift; path = WorldClockCell.swift; sourceTree = "<group>"; };
		E7406F0B2313E0A9005D1C84 /* listCityNameCell.swift */ = {isa = PBXFileReference; lastKnownFileType = sourcecode.swift; path = listCityNameCell.swift; sourceTree = "<group>"; };
		E74B26442303D2E50057684B /* Extensions.swift */ = {isa = PBXFileReference; lastKnownFileType = sourcecode.swift; path = Extensions.swift; sourceTree = "<group>"; };
		E76A604A230BD93500B3E4A3 /* DarkSkyApi.swift */ = {isa = PBXFileReference; lastKnownFileType = sourcecode.swift; path = DarkSkyApi.swift; sourceTree = "<group>"; };
		E76A604C230BDBB000B3E4A3 /* WeatherApiService.swift */ = {isa = PBXFileReference; lastKnownFileType = sourcecode.swift; path = WeatherApiService.swift; sourceTree = "<group>"; };
		E76A604E230BE62200B3E4A3 /* ForecastVC.swift */ = {isa = PBXFileReference; lastKnownFileType = sourcecode.swift; path = ForecastVC.swift; sourceTree = "<group>"; };
		E76DE14F2327FF42005B97DA /* FavoriteArticlesViewModel.swift */ = {isa = PBXFileReference; lastKnownFileType = sourcecode.swift; path = FavoriteArticlesViewModel.swift; sourceTree = "<group>"; };
		E774873923128E290096C1D8 /* daily.jpg */ = {isa = PBXFileReference; lastKnownFileType = image.jpeg; path = daily.jpg; sourceTree = "<group>"; };
		E774873B2312C9830096C1D8 /* CityForecastCell.swift */ = {isa = PBXFileReference; lastKnownFileType = sourcecode.swift; path = CityForecastCell.swift; sourceTree = "<group>"; };
		E774873F2312D9290096C1D8 /* DetailForecastCell.swift */ = {isa = PBXFileReference; lastKnownFileType = sourcecode.swift; path = DetailForecastCell.swift; sourceTree = "<group>"; };
		E778DF702307A4E700B1C532 /* ReadingVC.swift */ = {isa = PBXFileReference; lastKnownFileType = sourcecode.swift; path = ReadingVC.swift; sourceTree = "<group>"; };
		E778DF722307A73100B1C532 /* ContentCell.swift */ = {isa = PBXFileReference; lastKnownFileType = sourcecode.swift; path = ContentCell.swift; sourceTree = "<group>"; };
		E780E5B12301938000869885 /* Main.storyboard */ = {isa = PBXFileReference; lastKnownFileType = file.storyboard; path = Main.storyboard; sourceTree = "<group>"; };
		E79A148B23080A9C0004D62E /* CoreData.xcdatamodel */ = {isa = PBXFileReference; lastKnownFileType = wrapper.xcdatamodel; path = CoreData.xcdatamodel; sourceTree = "<group>"; };
		E79A148D23080E3E0004D62E /* CoreDataService.swift */ = {isa = PBXFileReference; lastKnownFileType = sourcecode.swift; path = CoreDataService.swift; sourceTree = "<group>"; };
		E79A149323085F390004D62E /* FavoriteVC.swift */ = {isa = PBXFileReference; lastKnownFileType = sourcecode.swift; path = FavoriteVC.swift; sourceTree = "<group>"; };
		E79A149523086D940004D62E /* ReadingFavoriteArticle.swift */ = {isa = PBXFileReference; lastKnownFileType = sourcecode.swift; path = ReadingFavoriteArticle.swift; sourceTree = "<group>"; };
		E79A149723086E700004D62E /* ReadingFavoriteReadingCollectionViewCell.swift */ = {isa = PBXFileReference; lastKnownFileType = sourcecode.swift; path = ReadingFavoriteReadingCollectionViewCell.swift; sourceTree = "<group>"; };
		E79D708A22DC50F3001125F6 /* PageCell.swift */ = {isa = PBXFileReference; lastKnownFileType = sourcecode.swift; path = PageCell.swift; sourceTree = "<group>"; };
		E7B5F7832317844300BA1387 /* SearchVC.swift */ = {isa = PBXFileReference; lastKnownFileType = sourcecode.swift; path = SearchVC.swift; sourceTree = "<group>"; };
		E7B5F7A923179BB200BA1387 /* TabbarController.swift */ = {isa = PBXFileReference; lastKnownFileType = sourcecode.swift; name = TabbarController.swift; path = ../View/TabbarController.swift; sourceTree = "<group>"; };
		E7B5F7AB2317E3F900BA1387 /* ForecastGPS.swift */ = {isa = PBXFileReference; lastKnownFileType = sourcecode.swift; path = ForecastGPS.swift; sourceTree = "<group>"; };
		E7BDA79523046AE500174257 /* WebViewController.swift */ = {isa = PBXFileReference; lastKnownFileType = sourcecode.swift; path = WebViewController.swift; sourceTree = "<group>"; };
		E7C8E37122C3BC5E00235DA5 /* NewsApiService.swift */ = {isa = PBXFileReference; lastKnownFileType = sourcecode.swift; path = NewsApiService.swift; sourceTree = "<group>"; };
		E7C8E37722C3C4E300235DA5 /* NewsApi.swift */ = {isa = PBXFileReference; lastKnownFileType = sourcecode.swift; path = NewsApi.swift; sourceTree = "<group>"; };
		E7E3CA712311128000DD87B6 /* DetailForecastCell.xib */ = {isa = PBXFileReference; lastKnownFileType = file.xib; path = DetailForecastCell.xib; sourceTree = "<group>"; };
		E7F30CAC2305AF4500305C69 /* ReadingCollectionViewCell.swift */ = {isa = PBXFileReference; lastKnownFileType = sourcecode.swift; path = ReadingCollectionViewCell.swift; sourceTree = "<group>"; };
		E7FA5613230FA96000B580B2 /* HourlyForecastCell.swift */ = {isa = PBXFileReference; lastKnownFileType = sourcecode.swift; path = HourlyForecastCell.swift; sourceTree = "<group>"; };
		E7FFA5E82318C6B700ABB379 /* SmallArticleCell.swift */ = {isa = PBXFileReference; lastKnownFileType = sourcecode.swift; path = SmallArticleCell.swift; sourceTree = "<group>"; };
		E7FFA5E92318C6B700ABB379 /* SmallArticleCell.xib */ = {isa = PBXFileReference; lastKnownFileType = file.xib; path = SmallArticleCell.xib; sourceTree = "<group>"; };
		E7FFAA19234398C20054216E /* NotificationNameExtension.swift */ = {isa = PBXFileReference; lastKnownFileType = sourcecode.swift; path = NotificationNameExtension.swift; sourceTree = "<group>"; };
		E7FFAA1B2343A55C0054216E /* BaseURLEnum.swift */ = {isa = PBXFileReference; lastKnownFileType = sourcecode.swift; path = BaseURLEnum.swift; sourceTree = "<group>"; };
/* End PBXFileReference section */

/* Begin PBXFrameworksBuildPhase section */
		E71F710622C267D60050B506 /* Frameworks */ = {
			isa = PBXFrameworksBuildPhase;
			buildActionMask = 2147483647;
			files = (
				E72E49A423100D4900E4FA8F /* WebKit.framework in Frameworks */,
				9C5D29B314379FA27E193C68 /* Pods_DailyLifeV2.framework in Frameworks */,
				BB2E88A32339CBEA0010FF16 /* AdSupport.framework in Frameworks */,
			);
			runOnlyForDeploymentPostprocessing = 0;
		};
/* End PBXFrameworksBuildPhase section */

/* Begin PBXGroup section */
		234920382487C2726FD4ADEE /* Pods */ = {
			isa = PBXGroup;
			children = (
				71B047000680A13661F4848D /* Pods-DailyLifeV2.debug.xcconfig */,
				86EDA4EDD397EBA02FC6B968 /* Pods-DailyLifeV2.release.xcconfig */,
			);
			name = Pods;
			sourceTree = "<group>";
		};
		5FBAB8AF67ACCEA7983682EA /* Frameworks */ = {
			isa = PBXGroup;
			children = (
				BB2E88A22339CBEA0010FF16 /* AdSupport.framework */,
				E72E49A323100D4900E4FA8F /* WebKit.framework */,
				9E16A3F239C02545B482EB3F /* Pods_DailyLifeV2.framework */,
			);
			name = Frameworks;
			sourceTree = "<group>";
		};
		BBF014F623473437006B94C6 /* UI StoryBoard */ = {
			isa = PBXGroup;
			children = (
				BBF014F823473483006B94C6 /* HomeViewController.storyboard */,
				BBF014FA234734C0006B94C6 /* SideMenuViewController.storyboard */,
				BBF014FC23473E8E006B94C6 /* TabBarController.storyboard */,
				E780E5B12301938000869885 /* Main.storyboard */,
				BBF015102347440B006B94C6 /* SearchViewController.storyboard */,
				BBF0151223474453006B94C6 /* GPSForecastViewController.storyboard */,
				BBF0150E234743A5006B94C6 /* ForecastViewController.storyboard */,
				BBF0150C23474382006B94C6 /* WebViewController.storyboard */,
				BBF0150A23474369006B94C6 /* ReadingViewController.storyboard */,
				BBF0150823474347006B94C6 /* PageViewController.storyboard */,
				BBF015062347431B006B94C6 /* MainViewController.storyboard */,
				BBF01504234742F5006B94C6 /* ReadingFavoriteViewController.storyboard */,
				BBF01502234742C8006B94C6 /* FavoriteViewController.storyboard */,
				BBF015002347428E006B94C6 /* ListCityViewController.storyboard */,
				BBF014FE23474251006B94C6 /* WorldClockViewController.storyboard */,
				E71F711522C267D80050B506 /* LaunchScreen.storyboard */,
			);
			path = "UI StoryBoard";
			sourceTree = "<group>";
		};
		BBF014F723473444006B94C6 /* XIBs */ = {
			isa = PBXGroup;
			children = (
				E7E3CA712311128000DD87B6 /* DetailForecastCell.xib */,
				E7FFA5E92318C6B700ABB379 /* SmallArticleCell.xib */,
			);
			path = XIBs;
			sourceTree = "<group>";
		};
		E71F710022C267D60050B506 = {
			isa = PBXGroup;
			children = (
				E71F710B22C267D60050B506 /* DailyLifeV2 */,
				E71F710A22C267D60050B506 /* Products */,
				234920382487C2726FD4ADEE /* Pods */,
				5FBAB8AF67ACCEA7983682EA /* Frameworks */,
			);
			sourceTree = "<group>";
		};
		E71F710A22C267D60050B506 /* Products */ = {
			isa = PBXGroup;
			children = (
				E71F710922C267D60050B506 /* DailyLifeV2.app */,
			);
			name = Products;
			sourceTree = "<group>";
		};
		E71F710B22C267D60050B506 /* DailyLifeV2 */ = {
			isa = PBXGroup;
			children = (
				E71F710C22C267D60050B506 /* AppDelegate.swift */,
				BB2E88A62339D1A10010FF16 /* DailyLifeV2-Bridging-Header.h */,
				BB2E889F2339C0CD0010FF16 /* DailyLifeV2.entitlements */,
				E79A148A23080A9C0004D62E /* CoreData.xcdatamodeld */,
				BB7108D8233A2D090038A62C /* GoogleService-Info.plist */,
				E71F711822C267D80050B506 /* Info.plist */,
				E74B26432303D2BB0057684B /* Helper */,
				E71F712122C26B300050B506 /* Services */,
				E71F712022C26B240050B506 /* Model */,
				E76DE14E2327FED8005B97DA /* ViewModel */,
				E71F711E22C26B170050B506 /* ViewController */,
				E71F711F22C26B1E0050B506 /* View */,
				E71F711322C267D80050B506 /* Assets.xcassets */,
			);
			path = DailyLifeV2;
			sourceTree = "<group>";
		};
		E71F711E22C26B170050B506 /* ViewController */ = {
			isa = PBXGroup;
			children = (
				E7B5F7A923179BB200BA1387 /* TabbarController.swift */,
				E71F710E22C267D60050B506 /* HomeVC.swift */,
				E71F712222C27C2C0050B506 /* MainVC.swift */,
				E71F712422C27E890050B506 /* SideMenuVC.swift */,
				E71F712622C284630050B506 /* PageVC.swift */,
				E7BDA79523046AE500174257 /* WebViewController.swift */,
				E778DF702307A4E700B1C532 /* ReadingVC.swift */,
				E79A149523086D940004D62E /* ReadingFavoriteArticle.swift */,
				E79A149323085F390004D62E /* FavoriteVC.swift */,
				E76A604E230BE62200B3E4A3 /* ForecastVC.swift */,
				E7406F052313DD90005D1C84 /* WorldClockVC.swift */,
				E7406F072313DF5C005D1C84 /* ListCityTableVC.swift */,
				E7B5F7AB2317E3F900BA1387 /* ForecastGPS.swift */,
				E7B5F7832317844300BA1387 /* SearchVC.swift */,
				E714E6F223180ABA00A0B5CE /* DailyForecaseSearch.swift */,
				E71B1BAC230D9B9E00DE0406 /* ForecastHourTableViewCell.swift */,
				E7F30CAC2305AF4500305C69 /* ReadingCollectionViewCell.swift */,
			);
			path = ViewController;
			sourceTree = "<group>";
		};
		E71F711F22C26B1E0050B506 /* View */ = {
			isa = PBXGroup;
			children = (
				BBF014F723473444006B94C6 /* XIBs */,
				BBF014F623473437006B94C6 /* UI StoryBoard */,
				E774873923128E290096C1D8 /* daily.jpg */,
				E79D708A22DC50F3001125F6 /* PageCell.swift */,
				E70492AB23014FCC0023E468 /* SideMenuCell.swift */,
				E778DF722307A73100B1C532 /* ContentCell.swift */,
				E79A149723086E700004D62E /* ReadingFavoriteReadingCollectionViewCell.swift */,
				E70F3A6D230E8C9B0051F46C /* SearchForecastCell.swift */,
				E70F3A6F230E8F150051F46C /* DailyForecastCell.swift */,
				E7FA5613230FA96000B580B2 /* HourlyForecastCell.swift */,
				E72E49A12310092200E4FA8F /* SummaryForecastCell.swift */,
				E774873B2312C9830096C1D8 /* CityForecastCell.swift */,
				E774873F2312D9290096C1D8 /* DetailForecastCell.swift */,
				E7406F092313E090005D1C84 /* WorldClockCell.swift */,
				E7406F0B2313E0A9005D1C84 /* listCityNameCell.swift */,
				E70401EF2316370C00197209 /* DetailForecastCelll.swift */,
				E714E6F02318050100A0B5CE /* Title-Sumary-Daily ForecastCell.swift */,
				E714E6F62318406C00A0B5CE /* dailyForecastByGPSCell.swift */,
				E7FFA5E82318C6B700ABB379 /* SmallArticleCell.swift */,
				BBCF28B3233B8077004798B0 /* AlphabeltHeaderTableViewCell.swift */,
			);
			path = View;
			sourceTree = "<group>";
		};
		E71F712022C26B240050B506 /* Model */ = {
			isa = PBXGroup;
			children = (
				E7C8E37722C3C4E300235DA5 /* NewsApi.swift */,
				E76A604A230BD93500B3E4A3 /* DarkSkyApi.swift */,
				E70D8105230EF7B70059D289 /* HourlyDarkSkyApi.swift */,
				E70D8101230EDD1D0059D289 /* ForecastApi.swift */,
				E70D8107230F16AF0059D289 /* IconApi.swift */,
				E714E6F423182D0B00A0B5CE /* ReversedGeoLocation.swift */,
				E70821842335CB7400E75AEB /* FavoriteArticleRealmModel.swift */,
			);
			path = Model;
			sourceTree = "<group>";
		};
		E71F712122C26B300050B506 /* Services */ = {
			isa = PBXGroup;
			children = (
				E71B22222331C2A100D1FC40 /* LibraryAPI.swift */,
				E70821822335C9ED00E75AEB /* LibraryRealm.swift */,
				E71B22242331DA8900D1FC40 /* LibraryCoreData.swift */,
				E79A148D23080E3E0004D62E /* CoreDataService.swift */,
				E7C8E37122C3BC5E00235DA5 /* NewsApiService.swift */,
				E76A604C230BDBB000B3E4A3 /* WeatherApiService.swift */,
			);
			path = Services;
			sourceTree = "<group>";
		};
		E74B26432303D2BB0057684B /* Helper */ = {
			isa = PBXGroup;
			children = (
				E74B26442303D2E50057684B /* Extensions.swift */,
				BB30249523385F1B00E4D2F7 /* R.generated.swift */,
				E7FFAA19234398C20054216E /* NotificationNameExtension.swift */,
				E7FFAA1B2343A55C0054216E /* BaseURLEnum.swift */,
			);
			path = Helper;
			sourceTree = "<group>";
		};
		E76DE14E2327FED8005B97DA /* ViewModel */ = {
			isa = PBXGroup;
			children = (
				E76DE14F2327FF42005B97DA /* FavoriteArticlesViewModel.swift */,
			);
			path = ViewModel;
			sourceTree = "<group>";
		};
/* End PBXGroup section */

/* Begin PBXNativeTarget section */
		E71F710822C267D60050B506 /* DailyLifeV2 */ = {
			isa = PBXNativeTarget;
			buildConfigurationList = E71F711B22C267D80050B506 /* Build configuration list for PBXNativeTarget "DailyLifeV2" */;
			buildPhases = (
				C2D77A7D30A77A68A1D34997 /* [CP] Check Pods Manifest.lock */,
				BB30249423385E1F00E4D2F7 /* ShellScript */,
				E71F710522C267D60050B506 /* Sources */,
				E71F710622C267D60050B506 /* Frameworks */,
				E71F710722C267D60050B506 /* Resources */,
				46B1C420240576B544B5C8C8 /* [CP] Embed Pods Frameworks */,
			);
			buildRules = (
			);
			dependencies = (
			);
			name = DailyLifeV2;
			productName = DailyLifeV2;
			productReference = E71F710922C267D60050B506 /* DailyLifeV2.app */;
			productType = "com.apple.product-type.application";
		};
/* End PBXNativeTarget section */

/* Begin PBXProject section */
		E71F710122C267D60050B506 /* Project object */ = {
			isa = PBXProject;
			attributes = {
				LastSwiftUpdateCheck = 1020;
				LastUpgradeCheck = 1020;
				ORGANIZATIONNAME = LGL;
				TargetAttributes = {
					E71F710822C267D60050B506 = {
						CreatedOnToolsVersion = 10.2.1;
						SystemCapabilities = {
							com.apple.InAppPurchase = {
								enabled = 0;
							};
						};
					};
				};
			};
			buildConfigurationList = E71F710422C267D60050B506 /* Build configuration list for PBXProject "DailyLifeV2" */;
			compatibilityVersion = "Xcode 9.3";
			developmentRegion = en;
			hasScannedForEncodings = 0;
			knownRegions = (
				en,
				Base,
			);
			mainGroup = E71F710022C267D60050B506;
			productRefGroup = E71F710A22C267D60050B506 /* Products */;
			projectDirPath = "";
			projectRoot = "";
			targets = (
				E71F710822C267D60050B506 /* DailyLifeV2 */,
			);
		};
/* End PBXProject section */

/* Begin PBXResourcesBuildPhase section */
		E71F710722C267D60050B506 /* Resources */ = {
			isa = PBXResourcesBuildPhase;
			buildActionMask = 2147483647;
			files = (
				BBF0150D23474382006B94C6 /* WebViewController.storyboard in Resources */,
				BBF0150923474347006B94C6 /* PageViewController.storyboard in Resources */,
				BBF01505234742F5006B94C6 /* ReadingFavoriteViewController.storyboard in Resources */,
				BBF015112347440B006B94C6 /* SearchViewController.storyboard in Resources */,
				BBF015012347428E006B94C6 /* ListCityViewController.storyboard in Resources */,
				BBF0151323474453006B94C6 /* GPSForecastViewController.storyboard in Resources */,
				E774873A23128E290096C1D8 /* daily.jpg in Resources */,
				BBF0150F234743A5006B94C6 /* ForecastViewController.storyboard in Resources */,
				E71F711722C267D80050B506 /* LaunchScreen.storyboard in Resources */,
				BBF015072347431B006B94C6 /* MainViewController.storyboard in Resources */,
				BBF014FD23473E8E006B94C6 /* TabBarController.storyboard in Resources */,
				E7FFA5EB2318C6B700ABB379 /* SmallArticleCell.xib in Resources */,
				BBF014FB234734C0006B94C6 /* SideMenuViewController.storyboard in Resources */,
				E780E5B22301938000869885 /* Main.storyboard in Resources */,
				BBF014FF23474251006B94C6 /* WorldClockViewController.storyboard in Resources */,
				BBF014F923473483006B94C6 /* HomeViewController.storyboard in Resources */,
				BBF01503234742C8006B94C6 /* FavoriteViewController.storyboard in Resources */,
				BBF0150B23474369006B94C6 /* ReadingViewController.storyboard in Resources */,
				E71F711422C267D80050B506 /* Assets.xcassets in Resources */,
				E7E3CA722311128000DD87B6 /* DetailForecastCell.xib in Resources */,
				BB7108D9233A2D0A0038A62C /* GoogleService-Info.plist in Resources */,
			);
			runOnlyForDeploymentPostprocessing = 0;
		};
/* End PBXResourcesBuildPhase section */

/* Begin PBXShellScriptBuildPhase section */
		46B1C420240576B544B5C8C8 /* [CP] Embed Pods Frameworks */ = {
			isa = PBXShellScriptBuildPhase;
			buildActionMask = 2147483647;
			files = (
			);
			inputPaths = (
				"${SRCROOT}/Pods/Target Support Files/Pods-DailyLifeV2/Pods-DailyLifeV2-frameworks.sh",
				"${BUILT_PRODUCTS_DIR}/Alamofire/Alamofire.framework",
				"${BUILT_PRODUCTS_DIR}/AlamofireObjectMapper/AlamofireObjectMapper.framework",
				"${BUILT_PRODUCTS_DIR}/GoogleUtilities/GoogleUtilities.framework",
				"${BUILT_PRODUCTS_DIR}/ObjectMapper/ObjectMapper.framework",
				"${BUILT_PRODUCTS_DIR}/PanModal/PanModal.framework",
				"${BUILT_PRODUCTS_DIR}/R.swift.Library/Rswift.framework",
				"${BUILT_PRODUCTS_DIR}/Realm/Realm.framework",
				"${BUILT_PRODUCTS_DIR}/RealmSwift/RealmSwift.framework",
				"${BUILT_PRODUCTS_DIR}/RxCocoa/RxCocoa.framework",
				"${BUILT_PRODUCTS_DIR}/RxRelay/RxRelay.framework",
				"${BUILT_PRODUCTS_DIR}/RxSwift/RxSwift.framework",
				"${BUILT_PRODUCTS_DIR}/SDWebImage/SDWebImage.framework",
				"${BUILT_PRODUCTS_DIR}/SwiftyJSON/SwiftyJSON.framework",
				"${BUILT_PRODUCTS_DIR}/XLPagerTabStrip/XLPagerTabStrip.framework",
				"${BUILT_PRODUCTS_DIR}/nanopb/nanopb.framework",
			);
			name = "[CP] Embed Pods Frameworks";
			outputPaths = (
				"${TARGET_BUILD_DIR}/${FRAMEWORKS_FOLDER_PATH}/Alamofire.framework",
				"${TARGET_BUILD_DIR}/${FRAMEWORKS_FOLDER_PATH}/AlamofireObjectMapper.framework",
				"${TARGET_BUILD_DIR}/${FRAMEWORKS_FOLDER_PATH}/GoogleUtilities.framework",
				"${TARGET_BUILD_DIR}/${FRAMEWORKS_FOLDER_PATH}/ObjectMapper.framework",
				"${TARGET_BUILD_DIR}/${FRAMEWORKS_FOLDER_PATH}/PanModal.framework",
				"${TARGET_BUILD_DIR}/${FRAMEWORKS_FOLDER_PATH}/Rswift.framework",
				"${TARGET_BUILD_DIR}/${FRAMEWORKS_FOLDER_PATH}/Realm.framework",
				"${TARGET_BUILD_DIR}/${FRAMEWORKS_FOLDER_PATH}/RealmSwift.framework",
				"${TARGET_BUILD_DIR}/${FRAMEWORKS_FOLDER_PATH}/RxCocoa.framework",
				"${TARGET_BUILD_DIR}/${FRAMEWORKS_FOLDER_PATH}/RxRelay.framework",
				"${TARGET_BUILD_DIR}/${FRAMEWORKS_FOLDER_PATH}/RxSwift.framework",
				"${TARGET_BUILD_DIR}/${FRAMEWORKS_FOLDER_PATH}/SDWebImage.framework",
				"${TARGET_BUILD_DIR}/${FRAMEWORKS_FOLDER_PATH}/SwiftyJSON.framework",
				"${TARGET_BUILD_DIR}/${FRAMEWORKS_FOLDER_PATH}/XLPagerTabStrip.framework",
				"${TARGET_BUILD_DIR}/${FRAMEWORKS_FOLDER_PATH}/nanopb.framework",
			);
			runOnlyForDeploymentPostprocessing = 0;
			shellPath = /bin/sh;
			shellScript = "\"${SRCROOT}/Pods/Target Support Files/Pods-DailyLifeV2/Pods-DailyLifeV2-frameworks.sh\"\n";
			showEnvVarsInLog = 0;
		};
		BB30249423385E1F00E4D2F7 /* ShellScript */ = {
			isa = PBXShellScriptBuildPhase;
			buildActionMask = 2147483647;
			files = (
			);
			inputPaths = (
				"$TEMP_DIR/rswift-lastrun",
			);
			outputPaths = (
				$SRCROOT/R.generated.swift,
			);
			runOnlyForDeploymentPostprocessing = 0;
			shellPath = /bin/sh;
			shellScript = "\"$PODS_ROOT/R.swift/rswift\" generate \"$SRCROOT/R.generated.swift\"\n";
		};
		C2D77A7D30A77A68A1D34997 /* [CP] Check Pods Manifest.lock */ = {
			isa = PBXShellScriptBuildPhase;
			buildActionMask = 2147483647;
			files = (
			);
			inputPaths = (
				"${PODS_PODFILE_DIR_PATH}/Podfile.lock",
				"${PODS_ROOT}/Manifest.lock",
			);
			name = "[CP] Check Pods Manifest.lock";
			outputPaths = (
				"$(DERIVED_FILE_DIR)/Pods-DailyLifeV2-checkManifestLockResult.txt",
			);
			runOnlyForDeploymentPostprocessing = 0;
			shellPath = /bin/sh;
			shellScript = "diff \"${PODS_PODFILE_DIR_PATH}/Podfile.lock\" \"${PODS_ROOT}/Manifest.lock\" > /dev/null\nif [ $? != 0 ] ; then\n    # print error to STDERR\n    echo \"error: The sandbox is not in sync with the Podfile.lock. Run 'pod install' or update your CocoaPods installation.\" >&2\n    exit 1\nfi\n# This output is used by Xcode 'outputs' to avoid re-running this script phase.\necho \"SUCCESS\" > \"${SCRIPT_OUTPUT_FILE_0}\"\n";
			showEnvVarsInLog = 0;
		};
/* End PBXShellScriptBuildPhase section */

/* Begin PBXSourcesBuildPhase section */
		E71F710522C267D60050B506 /* Sources */ = {
			isa = PBXSourcesBuildPhase;
			buildActionMask = 2147483647;
			files = (
				E79A148C23080A9C0004D62E /* CoreData.xcdatamodeld in Sources */,
				E7406F0C2313E0A9005D1C84 /* listCityNameCell.swift in Sources */,
				E7C8E37222C3BC5E00235DA5 /* NewsApiService.swift in Sources */,
				E71F710F22C267D60050B506 /* HomeVC.swift in Sources */,
				E714E6F72318406C00A0B5CE /* dailyForecastByGPSCell.swift in Sources */,
				E79A148E23080E3E0004D62E /* CoreDataService.swift in Sources */,
				E714E6F323180ABA00A0B5CE /* DailyForecaseSearch.swift in Sources */,
				E77487402312D9290096C1D8 /* DetailForecastCell.swift in Sources */,
				BB30249623385F1B00E4D2F7 /* R.generated.swift in Sources */,
				E79A149423085F390004D62E /* FavoriteVC.swift in Sources */,
				E778DF732307A73100B1C532 /* ContentCell.swift in Sources */,
				E71F712722C284630050B506 /* PageVC.swift in Sources */,
				E71F712522C27E890050B506 /* SideMenuVC.swift in Sources */,
				E7B5F7842317844300BA1387 /* SearchVC.swift in Sources */,
				E70492AC23014FCC0023E468 /* SideMenuCell.swift in Sources */,
				E72E49A22310092200E4FA8F /* SummaryForecastCell.swift in Sources */,
				E76A604D230BDBB000B3E4A3 /* WeatherApiService.swift in Sources */,
				E7406F082313DF5C005D1C84 /* ListCityTableVC.swift in Sources */,
				E71B1BAD230D9B9E00DE0406 /* ForecastHourTableViewCell.swift in Sources */,
				E70F3A70230E8F150051F46C /* DailyForecastCell.swift in Sources */,
				E7406F0A2313E090005D1C84 /* WorldClockCell.swift in Sources */,
				E79A149623086D940004D62E /* ReadingFavoriteArticle.swift in Sources */,
				E70401F02316370C00197209 /* DetailForecastCelll.swift in Sources */,
				E71B22232331C2A100D1FC40 /* LibraryAPI.swift in Sources */,
				E7FFA5EA2318C6B700ABB379 /* SmallArticleCell.swift in Sources */,
				E70821852335CB7400E75AEB /* FavoriteArticleRealmModel.swift in Sources */,
				E71B22252331DA8900D1FC40 /* LibraryCoreData.swift in Sources */,
				E71F712322C27C2C0050B506 /* MainVC.swift in Sources */,
				E714E6F12318050100A0B5CE /* Title-Sumary-Daily ForecastCell.swift in Sources */,
				E7B5F7AC2317E3F900BA1387 /* ForecastGPS.swift in Sources */,
				E70821832335C9ED00E75AEB /* LibraryRealm.swift in Sources */,
				E7406F062313DD90005D1C84 /* WorldClockVC.swift in Sources */,
				E70D8108230F16AF0059D289 /* IconApi.swift in Sources */,
				E71F710D22C267D60050B506 /* AppDelegate.swift in Sources */,
				E79D708B22DC50F3001125F6 /* PageCell.swift in Sources */,
				E778DF712307A4E700B1C532 /* ReadingVC.swift in Sources */,
				E7FA5614230FA96000B580B2 /* HourlyForecastCell.swift in Sources */,
				E7FFAA1C2343A55C0054216E /* BaseURLEnum.swift in Sources */,
				E7F30CAD2305AF4500305C69 /* ReadingCollectionViewCell.swift in Sources */,
				E74B26452303D2E50057684B /* Extensions.swift in Sources */,
				E714E6F523182D0B00A0B5CE /* ReversedGeoLocation.swift in Sources */,
				E76DE1502327FF42005B97DA /* FavoriteArticlesViewModel.swift in Sources */,
				E76A604F230BE62200B3E4A3 /* ForecastVC.swift in Sources */,
				E79A149823086E700004D62E /* ReadingFavoriteReadingCollectionViewCell.swift in Sources */,
				E774873C2312C9830096C1D8 /* CityForecastCell.swift in Sources */,
				E7BDA79623046AE500174257 /* WebViewController.swift in Sources */,
				E7C8E37822C3C4E300235DA5 /* NewsApi.swift in Sources */,
				E7FFAA1A234398C20054216E /* NotificationNameExtension.swift in Sources */,
				E70D8102230EDD1D0059D289 /* ForecastApi.swift in Sources */,
				E70F3A6E230E8C9B0051F46C /* SearchForecastCell.swift in Sources */,
				E70D8106230EF7B70059D289 /* HourlyDarkSkyApi.swift in Sources */,
				E7B5F7AA23179BB200BA1387 /* TabbarController.swift in Sources */,
				BBCF28B4233B8077004798B0 /* AlphabeltHeaderTableViewCell.swift in Sources */,
				E76A604B230BD93500B3E4A3 /* DarkSkyApi.swift in Sources */,
			);
			runOnlyForDeploymentPostprocessing = 0;
		};
/* End PBXSourcesBuildPhase section */

/* Begin PBXVariantGroup section */
		E71F711522C267D80050B506 /* LaunchScreen.storyboard */ = {
			isa = PBXVariantGroup;
			children = (
				E71F711622C267D80050B506 /* Base */,
			);
			name = LaunchScreen.storyboard;
			sourceTree = "<group>";
		};
/* End PBXVariantGroup section */

/* Begin XCBuildConfiguration section */
		E71F711922C267D80050B506 /* Debug */ = {
			isa = XCBuildConfiguration;
			buildSettings = {
				ALWAYS_SEARCH_USER_PATHS = NO;
				CLANG_ANALYZER_NONNULL = YES;
				CLANG_ANALYZER_NUMBER_OBJECT_CONVERSION = YES_AGGRESSIVE;
				CLANG_CXX_LANGUAGE_STANDARD = "gnu++14";
				CLANG_CXX_LIBRARY = "libc++";
				CLANG_ENABLE_MODULES = YES;
				CLANG_ENABLE_OBJC_ARC = YES;
				CLANG_ENABLE_OBJC_WEAK = YES;
				CLANG_WARN_BLOCK_CAPTURE_AUTORELEASING = YES;
				CLANG_WARN_BOOL_CONVERSION = YES;
				CLANG_WARN_COMMA = YES;
				CLANG_WARN_CONSTANT_CONVERSION = YES;
				CLANG_WARN_DEPRECATED_OBJC_IMPLEMENTATIONS = YES;
				CLANG_WARN_DIRECT_OBJC_ISA_USAGE = YES_ERROR;
				CLANG_WARN_DOCUMENTATION_COMMENTS = YES;
				CLANG_WARN_EMPTY_BODY = YES;
				CLANG_WARN_ENUM_CONVERSION = YES;
				CLANG_WARN_INFINITE_RECURSION = YES;
				CLANG_WARN_INT_CONVERSION = YES;
				CLANG_WARN_NON_LITERAL_NULL_CONVERSION = YES;
				CLANG_WARN_OBJC_IMPLICIT_RETAIN_SELF = YES;
				CLANG_WARN_OBJC_LITERAL_CONVERSION = YES;
				CLANG_WARN_OBJC_ROOT_CLASS = YES_ERROR;
				CLANG_WARN_RANGE_LOOP_ANALYSIS = YES;
				CLANG_WARN_STRICT_PROTOTYPES = YES;
				CLANG_WARN_SUSPICIOUS_MOVE = YES;
				CLANG_WARN_UNGUARDED_AVAILABILITY = YES_AGGRESSIVE;
				CLANG_WARN_UNREACHABLE_CODE = YES;
				CLANG_WARN__DUPLICATE_METHOD_MATCH = YES;
				CODE_SIGN_IDENTITY = "iPhone Developer";
				COPY_PHASE_STRIP = NO;
				DEBUG_INFORMATION_FORMAT = dwarf;
				ENABLE_STRICT_OBJC_MSGSEND = YES;
				ENABLE_TESTABILITY = YES;
				GCC_C_LANGUAGE_STANDARD = gnu11;
				GCC_DYNAMIC_NO_PIC = NO;
				GCC_NO_COMMON_BLOCKS = YES;
				GCC_OPTIMIZATION_LEVEL = 0;
				GCC_PREPROCESSOR_DEFINITIONS = (
					"DEBUG=1",
					"$(inherited)",
				);
				GCC_WARN_64_TO_32_BIT_CONVERSION = YES;
				GCC_WARN_ABOUT_RETURN_TYPE = YES_ERROR;
				GCC_WARN_UNDECLARED_SELECTOR = YES;
				GCC_WARN_UNINITIALIZED_AUTOS = YES_AGGRESSIVE;
				GCC_WARN_UNUSED_FUNCTION = YES;
				GCC_WARN_UNUSED_VARIABLE = YES;
				IPHONEOS_DEPLOYMENT_TARGET = 12.2;
				MTL_ENABLE_DEBUG_INFO = INCLUDE_SOURCE;
				MTL_FAST_MATH = YES;
				ONLY_ACTIVE_ARCH = YES;
				SDKROOT = iphoneos;
				SWIFT_ACTIVE_COMPILATION_CONDITIONS = DEBUG;
				SWIFT_OBJC_BRIDGING_HEADER = "DailyLifeV2/DailyLifeV2-Bridging-Header.h";
				SWIFT_OPTIMIZATION_LEVEL = "-Onone";
				SWIFT_VERSION = 5.0;
			};
			name = Debug;
		};
		E71F711A22C267D80050B506 /* Release */ = {
			isa = XCBuildConfiguration;
			buildSettings = {
				ALWAYS_SEARCH_USER_PATHS = NO;
				CLANG_ANALYZER_NONNULL = YES;
				CLANG_ANALYZER_NUMBER_OBJECT_CONVERSION = YES_AGGRESSIVE;
				CLANG_CXX_LANGUAGE_STANDARD = "gnu++14";
				CLANG_CXX_LIBRARY = "libc++";
				CLANG_ENABLE_MODULES = YES;
				CLANG_ENABLE_OBJC_ARC = YES;
				CLANG_ENABLE_OBJC_WEAK = YES;
				CLANG_WARN_BLOCK_CAPTURE_AUTORELEASING = YES;
				CLANG_WARN_BOOL_CONVERSION = YES;
				CLANG_WARN_COMMA = YES;
				CLANG_WARN_CONSTANT_CONVERSION = YES;
				CLANG_WARN_DEPRECATED_OBJC_IMPLEMENTATIONS = YES;
				CLANG_WARN_DIRECT_OBJC_ISA_USAGE = YES_ERROR;
				CLANG_WARN_DOCUMENTATION_COMMENTS = YES;
				CLANG_WARN_EMPTY_BODY = YES;
				CLANG_WARN_ENUM_CONVERSION = YES;
				CLANG_WARN_INFINITE_RECURSION = YES;
				CLANG_WARN_INT_CONVERSION = YES;
				CLANG_WARN_NON_LITERAL_NULL_CONVERSION = YES;
				CLANG_WARN_OBJC_IMPLICIT_RETAIN_SELF = YES;
				CLANG_WARN_OBJC_LITERAL_CONVERSION = YES;
				CLANG_WARN_OBJC_ROOT_CLASS = YES_ERROR;
				CLANG_WARN_RANGE_LOOP_ANALYSIS = YES;
				CLANG_WARN_STRICT_PROTOTYPES = YES;
				CLANG_WARN_SUSPICIOUS_MOVE = YES;
				CLANG_WARN_UNGUARDED_AVAILABILITY = YES_AGGRESSIVE;
				CLANG_WARN_UNREACHABLE_CODE = YES;
				CLANG_WARN__DUPLICATE_METHOD_MATCH = YES;
				CODE_SIGN_IDENTITY = "iPhone Developer";
				COPY_PHASE_STRIP = NO;
				DEBUG_INFORMATION_FORMAT = "dwarf-with-dsym";
				ENABLE_NS_ASSERTIONS = NO;
				ENABLE_STRICT_OBJC_MSGSEND = YES;
				GCC_C_LANGUAGE_STANDARD = gnu11;
				GCC_NO_COMMON_BLOCKS = YES;
				GCC_WARN_64_TO_32_BIT_CONVERSION = YES;
				GCC_WARN_ABOUT_RETURN_TYPE = YES_ERROR;
				GCC_WARN_UNDECLARED_SELECTOR = YES;
				GCC_WARN_UNINITIALIZED_AUTOS = YES_AGGRESSIVE;
				GCC_WARN_UNUSED_FUNCTION = YES;
				GCC_WARN_UNUSED_VARIABLE = YES;
				IPHONEOS_DEPLOYMENT_TARGET = 12.2;
				MTL_ENABLE_DEBUG_INFO = NO;
				MTL_FAST_MATH = YES;
				SDKROOT = iphoneos;
				SWIFT_COMPILATION_MODE = wholemodule;
				SWIFT_OBJC_BRIDGING_HEADER = "DailyLifeV2/DailyLifeV2-Bridging-Header.h";
				SWIFT_OPTIMIZATION_LEVEL = "-O";
				SWIFT_VERSION = 5.0;
				VALIDATE_PRODUCT = YES;
			};
			name = Release;
		};
		E71F711C22C267D80050B506 /* Debug */ = {
			isa = XCBuildConfiguration;
			baseConfigurationReference = 71B047000680A13661F4848D /* Pods-DailyLifeV2.debug.xcconfig */;
			buildSettings = {
				ASSETCATALOG_COMPILER_APPICON_NAME = AppIcon;
				CODE_SIGN_ENTITLEMENTS = DailyLifeV2/DailyLifeV2.entitlements;
				CODE_SIGN_IDENTITY = "iPhone Developer";
				CODE_SIGN_STYLE = Automatic;
				DEVELOPMENT_TEAM = 56G8LHHBBK;
				INFOPLIST_FILE = DailyLifeV2/Info.plist;
				IPHONEOS_DEPLOYMENT_TARGET = 11.0;
				LD_RUNPATH_SEARCH_PATHS = (
					"$(inherited)",
					"@executable_path/Frameworks",
				);
				PRODUCT_BUNDLE_IDENTIFIER = "com.LGL.Daily-Life";
				PRODUCT_NAME = "$(TARGET_NAME)";
				PROVISIONING_PROFILE_SPECIFIER = "";
				SWIFT_VERSION = 5.0;
				TARGETED_DEVICE_FAMILY = 1;
			};
			name = Debug;
		};
		E71F711D22C267D80050B506 /* Release */ = {
			isa = XCBuildConfiguration;
			baseConfigurationReference = 86EDA4EDD397EBA02FC6B968 /* Pods-DailyLifeV2.release.xcconfig */;
			buildSettings = {
				ASSETCATALOG_COMPILER_APPICON_NAME = AppIcon;
				CODE_SIGN_ENTITLEMENTS = DailyLifeV2/DailyLifeV2.entitlements;
				CODE_SIGN_IDENTITY = "iPhone Developer";
				CODE_SIGN_STYLE = Automatic;
				DEVELOPMENT_TEAM = 56G8LHHBBK;
				INFOPLIST_FILE = DailyLifeV2/Info.plist;
				IPHONEOS_DEPLOYMENT_TARGET = 11.0;
				LD_RUNPATH_SEARCH_PATHS = (
					"$(inherited)",
					"@executable_path/Frameworks",
				);
				PRODUCT_BUNDLE_IDENTIFIER = "com.LGL.Daily-Life";
				PRODUCT_NAME = "$(TARGET_NAME)";
				PROVISIONING_PROFILE_SPECIFIER = "";
				SWIFT_VERSION = 5.0;
				TARGETED_DEVICE_FAMILY = 1;
			};
			name = Release;
		};
/* End XCBuildConfiguration section */

/* Begin XCConfigurationList section */
		E71F710422C267D60050B506 /* Build configuration list for PBXProject "DailyLifeV2" */ = {
			isa = XCConfigurationList;
			buildConfigurations = (
				E71F711922C267D80050B506 /* Debug */,
				E71F711A22C267D80050B506 /* Release */,
			);
			defaultConfigurationIsVisible = 0;
			defaultConfigurationName = Release;
		};
		E71F711B22C267D80050B506 /* Build configuration list for PBXNativeTarget "DailyLifeV2" */ = {
			isa = XCConfigurationList;
			buildConfigurations = (
				E71F711C22C267D80050B506 /* Debug */,
				E71F711D22C267D80050B506 /* Release */,
			);
			defaultConfigurationIsVisible = 0;
			defaultConfigurationName = Release;
		};
/* End XCConfigurationList section */

/* Begin XCVersionGroup section */
		E79A148A23080A9C0004D62E /* CoreData.xcdatamodeld */ = {
			isa = XCVersionGroup;
			children = (
				E79A148B23080A9C0004D62E /* CoreData.xcdatamodel */,
			);
			currentVersion = E79A148B23080A9C0004D62E /* CoreData.xcdatamodel */;
			path = CoreData.xcdatamodeld;
			sourceTree = "<group>";
			versionGroupType = wrapper.xcdatamodel;
		};
/* End XCVersionGroup section */
	};
	rootObject = E71F710122C267D60050B506 /* Project object */;
}
